
Microsoft Visual Studio Solution File, Format Version 12.00
# Visual Studio 15
VisualStudioVersion = 15.0.26124.0
MinimumVisualStudioVersion = 15.0.26124.0
Project("{FAE04EC0-301F-11D3-BF4B-00C04F79EFBC}") = "coreLearn.Web", "coreLearn.Web\coreLearn.Web.csproj", "{4D917AF5-49CC-4D1B-B920-7F252857AADB}"
EndProject
Project("{FAE04EC0-301F-11D3-BF4B-00C04F79EFBC}") = "coreLearn.Library", "coreLearn.Library\coreLearn.Library.csproj", "{8D7A0ECC-0F5B-4A37-9341-F576C11EE949}"
EndProject
Project("{FAE04EC0-301F-11D3-BF4B-00C04F79EFBC}") = "coreLearn.Data", "coreLearn.Data\coreLearn.Data.csproj", "{19CADEEC-6B8A-4198-8B4B-9A61A9422AFE}"
EndProject
Project("{2150E333-8FDC-42A3-9474-1A3956D46DE8}") = "Tests", "Tests", "{AB1782C0-3C91-11E9-AD26-1F2B3850ED4F}"
EndProject
Project("{FAE04EC0-301F-11D3-BF4B-00C04F79EFBC}") = "coreLearn.Library.Tests", "Tests\coreLearn.Library.Tests\coreLearn.Library.Tests.csproj", "{A5F7CFFB-420E-4C99-9891-92316B947A9F}"
EndProject
Project("{FAE04EC0-301F-11D3-BF4B-00C04F79EFBC}") = "coreLearn.Vue.Web", "coreLearn.Vue.Web\coreLearn.Vue.Web.csproj", "{FA327F0D-D0C5-4127-A006-77DF4070E4AA}"
EndProject
Project("{FAE04EC0-301F-11D3-BF4B-00C04F79EFBC}") = "coreLearn.MVC.Web", "coreLearn.MVC.Web\coreLearn.MVC.Web.csproj", "{3F9149F0-6CF4-451D-865B-B37169B6D183}"
EndProject
Project("{FAE04EC0-301F-11D3-BF4B-00C04F79EFBC}") = "coreLearn.WebAPI", "coreLearn.WebAPI\coreLearn.WebAPI.csproj", "{68C58F67-C442-4A01-96B0-0D106E5EE90D}"
EndProject
Project("{FAE04EC0-301F-11D3-BF4B-00C04F79EFBC}") = "coreLearn.Library.xUnitTests", "Tests\coreLearn.Library.xUnitTests\coreLearn.Library.xUnitTests.csproj", "{DE9895BB-1CD2-4BD5-8A01-897073A2A696}"
EndProject
Project("{FAE04EC0-301F-11D3-BF4B-00C04F79EFBC}") = "coreLearn.Library.Shouldy", "Tests\coreLearn.Library.Shouldy\coreLearn.Library.Shouldy.csproj", "{DCCF5DBF-5B32-4B84-94A2-2F228C33160A}"
EndProject
Project("{FAE04EC0-301F-11D3-BF4B-00C04F79EFBC}") = "coreLearn.Protocol", "coreLearn.Protocol\coreLearn.Protocol.csproj", "{60B91320-B4C8-429B-91FB-39C4BEC75599}"
EndProject
Project("{FAE04EC0-301F-11D3-BF4B-00C04F79EFBC}") = "coreLearn.SeriLog.Console", "coreLearn.SeriLog.Console\coreLearn.SeriLog.Console.csproj", "{84BD4106-83E1-404B-8E8A-F46239C95ED4}"
EndProject
Global
	GlobalSection(SolutionConfigurationPlatforms) = preSolution
		Debug|Any CPU = Debug|Any CPU
		Debug|x64 = Debug|x64
		Debug|x86 = Debug|x86
		Release|Any CPU = Release|Any CPU
		Release|x64 = Release|x64
		Release|x86 = Release|x86
	EndGlobalSection
	GlobalSection(SolutionProperties) = preSolution
		HideSolutionNode = FALSE
	EndGlobalSection
	GlobalSection(ProjectConfigurationPlatforms) = postSolution
		{4D917AF5-49CC-4D1B-B920-7F252857AADB}.Debug|Any CPU.ActiveCfg = Debug|Any CPU
		{4D917AF5-49CC-4D1B-B920-7F252857AADB}.Debug|Any CPU.Build.0 = Debug|Any CPU
		{4D917AF5-49CC-4D1B-B920-7F252857AADB}.Debug|x64.ActiveCfg = Debug|Any CPU
		{4D917AF5-49CC-4D1B-B920-7F252857AADB}.Debug|x64.Build.0 = Debug|Any CPU
		{4D917AF5-49CC-4D1B-B920-7F252857AADB}.Debug|x86.ActiveCfg = Debug|Any CPU
		{4D917AF5-49CC-4D1B-B920-7F252857AADB}.Debug|x86.Build.0 = Debug|Any CPU
		{4D917AF5-49CC-4D1B-B920-7F252857AADB}.Release|Any CPU.ActiveCfg = Release|Any CPU
		{4D917AF5-49CC-4D1B-B920-7F252857AADB}.Release|Any CPU.Build.0 = Release|Any CPU
		{4D917AF5-49CC-4D1B-B920-7F252857AADB}.Release|x64.ActiveCfg = Release|Any CPU
		{4D917AF5-49CC-4D1B-B920-7F252857AADB}.Release|x64.Build.0 = Release|Any CPU
		{4D917AF5-49CC-4D1B-B920-7F252857AADB}.Release|x86.ActiveCfg = Release|Any CPU
		{4D917AF5-49CC-4D1B-B920-7F252857AADB}.Release|x86.Build.0 = Release|Any CPU
		{8D7A0ECC-0F5B-4A37-9341-F576C11EE949}.Debug|Any CPU.ActiveCfg = Debug|Any CPU
		{8D7A0ECC-0F5B-4A37-9341-F576C11EE949}.Debug|Any CPU.Build.0 = Debug|Any CPU
		{8D7A0ECC-0F5B-4A37-9341-F576C11EE949}.Debug|x64.ActiveCfg = Debug|Any CPU
		{8D7A0ECC-0F5B-4A37-9341-F576C11EE949}.Debug|x64.Build.0 = Debug|Any CPU
		{8D7A0ECC-0F5B-4A37-9341-F576C11EE949}.Debug|x86.ActiveCfg = Debug|Any CPU
		{8D7A0ECC-0F5B-4A37-9341-F576C11EE949}.Debug|x86.Build.0 = Debug|Any CPU
		{8D7A0ECC-0F5B-4A37-9341-F576C11EE949}.Release|Any CPU.ActiveCfg = Release|Any CPU
		{8D7A0ECC-0F5B-4A37-9341-F576C11EE949}.Release|Any CPU.Build.0 = Release|Any CPU
		{8D7A0ECC-0F5B-4A37-9341-F576C11EE949}.Release|x64.ActiveCfg = Release|Any CPU
		{8D7A0ECC-0F5B-4A37-9341-F576C11EE949}.Release|x64.Build.0 = Release|Any CPU
		{8D7A0ECC-0F5B-4A37-9341-F576C11EE949}.Release|x86.ActiveCfg = Release|Any CPU
		{8D7A0ECC-0F5B-4A37-9341-F576C11EE949}.Release|x86.Build.0 = Release|Any CPU
		{19CADEEC-6B8A-4198-8B4B-9A61A9422AFE}.Debug|Any CPU.ActiveCfg = Debug|Any CPU
		{19CADEEC-6B8A-4198-8B4B-9A61A9422AFE}.Debug|Any CPU.Build.0 = Debug|Any CPU
		{19CADEEC-6B8A-4198-8B4B-9A61A9422AFE}.Debug|x64.ActiveCfg = Debug|Any CPU
		{19CADEEC-6B8A-4198-8B4B-9A61A9422AFE}.Debug|x64.Build.0 = Debug|Any CPU
		{19CADEEC-6B8A-4198-8B4B-9A61A9422AFE}.Debug|x86.ActiveCfg = Debug|Any CPU
		{19CADEEC-6B8A-4198-8B4B-9A61A9422AFE}.Debug|x86.Build.0 = Debug|Any CPU
		{19CADEEC-6B8A-4198-8B4B-9A61A9422AFE}.Release|Any CPU.ActiveCfg = Release|Any CPU
		{19CADEEC-6B8A-4198-8B4B-9A61A9422AFE}.Release|Any CPU.Build.0 = Release|Any CPU
		{19CADEEC-6B8A-4198-8B4B-9A61A9422AFE}.Release|x64.ActiveCfg = Release|Any CPU
		{19CADEEC-6B8A-4198-8B4B-9A61A9422AFE}.Release|x64.Build.0 = Release|Any CPU
		{19CADEEC-6B8A-4198-8B4B-9A61A9422AFE}.Release|x86.ActiveCfg = Release|Any CPU
		{19CADEEC-6B8A-4198-8B4B-9A61A9422AFE}.Release|x86.Build.0 = Release|Any CPU
		{A5F7CFFB-420E-4C99-9891-92316B947A9F}.Debug|Any CPU.ActiveCfg = Debug|Any CPU
		{A5F7CFFB-420E-4C99-9891-92316B947A9F}.Debug|Any CPU.Build.0 = Debug|Any CPU
		{A5F7CFFB-420E-4C99-9891-92316B947A9F}.Debug|x64.ActiveCfg = Debug|Any CPU
		{A5F7CFFB-420E-4C99-9891-92316B947A9F}.Debug|x64.Build.0 = Debug|Any CPU
		{A5F7CFFB-420E-4C99-9891-92316B947A9F}.Debug|x86.ActiveCfg = Debug|Any CPU
		{A5F7CFFB-420E-4C99-9891-92316B947A9F}.Debug|x86.Build.0 = Debug|Any CPU
		{A5F7CFFB-420E-4C99-9891-92316B947A9F}.Release|Any CPU.ActiveCfg = Release|Any CPU
		{A5F7CFFB-420E-4C99-9891-92316B947A9F}.Release|Any CPU.Build.0 = Release|Any CPU
		{A5F7CFFB-420E-4C99-9891-92316B947A9F}.Release|x64.ActiveCfg = Release|Any CPU
		{A5F7CFFB-420E-4C99-9891-92316B947A9F}.Release|x64.Build.0 = Release|Any CPU
		{A5F7CFFB-420E-4C99-9891-92316B947A9F}.Release|x86.ActiveCfg = Release|Any CPU
		{A5F7CFFB-420E-4C99-9891-92316B947A9F}.Release|x86.Build.0 = Release|Any CPU
		{FA327F0D-D0C5-4127-A006-77DF4070E4AA}.Debug|Any CPU.ActiveCfg = Debug|Any CPU
		{FA327F0D-D0C5-4127-A006-77DF4070E4AA}.Debug|Any CPU.Build.0 = Debug|Any CPU
		{FA327F0D-D0C5-4127-A006-77DF4070E4AA}.Debug|x64.ActiveCfg = Debug|Any CPU
		{FA327F0D-D0C5-4127-A006-77DF4070E4AA}.Debug|x64.Build.0 = Debug|Any CPU
		{FA327F0D-D0C5-4127-A006-77DF4070E4AA}.Debug|x86.ActiveCfg = Debug|Any CPU
		{FA327F0D-D0C5-4127-A006-77DF4070E4AA}.Debug|x86.Build.0 = Debug|Any CPU
		{FA327F0D-D0C5-4127-A006-77DF4070E4AA}.Release|Any CPU.ActiveCfg = Release|Any CPU
		{FA327F0D-D0C5-4127-A006-77DF4070E4AA}.Release|Any CPU.Build.0 = Release|Any CPU
		{FA327F0D-D0C5-4127-A006-77DF4070E4AA}.Release|x64.ActiveCfg = Release|Any CPU
		{FA327F0D-D0C5-4127-A006-77DF4070E4AA}.Release|x64.Build.0 = Release|Any CPU
		{FA327F0D-D0C5-4127-A006-77DF4070E4AA}.Release|x86.ActiveCfg = Release|Any CPU
		{FA327F0D-D0C5-4127-A006-77DF4070E4AA}.Release|x86.Build.0 = Release|Any CPU
		{3F9149F0-6CF4-451D-865B-B37169B6D183}.Debug|Any CPU.ActiveCfg = Debug|Any CPU
		{3F9149F0-6CF4-451D-865B-B37169B6D183}.Debug|Any CPU.Build.0 = Debug|Any CPU
		{3F9149F0-6CF4-451D-865B-B37169B6D183}.Debug|x64.ActiveCfg = Debug|Any CPU
		{3F9149F0-6CF4-451D-865B-B37169B6D183}.Debug|x64.Build.0 = Debug|Any CPU
		{3F9149F0-6CF4-451D-865B-B37169B6D183}.Debug|x86.ActiveCfg = Debug|Any CPU
		{3F9149F0-6CF4-451D-865B-B37169B6D183}.Debug|x86.Build.0 = Debug|Any CPU
		{3F9149F0-6CF4-451D-865B-B37169B6D183}.Release|Any CPU.ActiveCfg = Release|Any CPU
		{3F9149F0-6CF4-451D-865B-B37169B6D183}.Release|Any CPU.Build.0 = Release|Any CPU
		{3F9149F0-6CF4-451D-865B-B37169B6D183}.Release|x64.ActiveCfg = Release|Any CPU
		{3F9149F0-6CF4-451D-865B-B37169B6D183}.Release|x64.Build.0 = Release|Any CPU
		{3F9149F0-6CF4-451D-865B-B37169B6D183}.Release|x86.ActiveCfg = Release|Any CPU
		{3F9149F0-6CF4-451D-865B-B37169B6D183}.Release|x86.Build.0 = Release|Any CPU
		{68C58F67-C442-4A01-96B0-0D106E5EE90D}.Debug|Any CPU.ActiveCfg = Debug|Any CPU
		{68C58F67-C442-4A01-96B0-0D106E5EE90D}.Debug|Any CPU.Build.0 = Debug|Any CPU
		{68C58F67-C442-4A01-96B0-0D106E5EE90D}.Debug|x64.ActiveCfg = Debug|Any CPU
		{68C58F67-C442-4A01-96B0-0D106E5EE90D}.Debug|x64.Build.0 = Debug|Any CPU
		{68C58F67-C442-4A01-96B0-0D106E5EE90D}.Debug|x86.ActiveCfg = Debug|Any CPU
		{68C58F67-C442-4A01-96B0-0D106E5EE90D}.Debug|x86.Build.0 = Debug|Any CPU
		{68C58F67-C442-4A01-96B0-0D106E5EE90D}.Release|Any CPU.ActiveCfg = Release|Any CPU
		{68C58F67-C442-4A01-96B0-0D106E5EE90D}.Release|Any CPU.Build.0 = Release|Any CPU
		{68C58F67-C442-4A01-96B0-0D106E5EE90D}.Release|x64.ActiveCfg = Release|Any CPU
		{68C58F67-C442-4A01-96B0-0D106E5EE90D}.Release|x64.Build.0 = Release|Any CPU
		{68C58F67-C442-4A01-96B0-0D106E5EE90D}.Release|x86.ActiveCfg = Release|Any CPU
		{68C58F67-C442-4A01-96B0-0D106E5EE90D}.Release|x86.Build.0 = Release|Any CPU
		{DE9895BB-1CD2-4BD5-8A01-897073A2A696}.Debug|Any CPU.ActiveCfg = Debug|Any CPU
		{DE9895BB-1CD2-4BD5-8A01-897073A2A696}.Debug|Any CPU.Build.0 = Debug|Any CPU
		{DE9895BB-1CD2-4BD5-8A01-897073A2A696}.Debug|x64.ActiveCfg = Debug|Any CPU
		{DE9895BB-1CD2-4BD5-8A01-897073A2A696}.Debug|x64.Build.0 = Debug|Any CPU
		{DE9895BB-1CD2-4BD5-8A01-897073A2A696}.Debug|x86.ActiveCfg = Debug|Any CPU
		{DE9895BB-1CD2-4BD5-8A01-897073A2A696}.Debug|x86.Build.0 = Debug|Any CPU
		{DE9895BB-1CD2-4BD5-8A01-897073A2A696}.Release|Any CPU.ActiveCfg = Release|Any CPU
		{DE9895BB-1CD2-4BD5-8A01-897073A2A696}.Release|Any CPU.Build.0 = Release|Any CPU
		{DE9895BB-1CD2-4BD5-8A01-897073A2A696}.Release|x64.ActiveCfg = Release|Any CPU
		{DE9895BB-1CD2-4BD5-8A01-897073A2A696}.Release|x64.Build.0 = Release|Any CPU
		{DE9895BB-1CD2-4BD5-8A01-897073A2A696}.Release|x86.ActiveCfg = Release|Any CPU
		{DE9895BB-1CD2-4BD5-8A01-897073A2A696}.Release|x86.Build.0 = Release|Any CPU
		{DCCF5DBF-5B32-4B84-94A2-2F228C33160A}.Debug|Any CPU.ActiveCfg = Debug|Any CPU
		{DCCF5DBF-5B32-4B84-94A2-2F228C33160A}.Debug|Any CPU.Build.0 = Debug|Any CPU
		{DCCF5DBF-5B32-4B84-94A2-2F228C33160A}.Debug|x64.ActiveCfg = Debug|Any CPU
		{DCCF5DBF-5B32-4B84-94A2-2F228C33160A}.Debug|x64.Build.0 = Debug|Any CPU
		{DCCF5DBF-5B32-4B84-94A2-2F228C33160A}.Debug|x86.ActiveCfg = Debug|Any CPU
		{DCCF5DBF-5B32-4B84-94A2-2F228C33160A}.Debug|x86.Build.0 = Debug|Any CPU
		{DCCF5DBF-5B32-4B84-94A2-2F228C33160A}.Release|Any CPU.ActiveCfg = Release|Any CPU
		{DCCF5DBF-5B32-4B84-94A2-2F228C33160A}.Release|Any CPU.Build.0 = Release|Any CPU
		{DCCF5DBF-5B32-4B84-94A2-2F228C33160A}.Release|x64.ActiveCfg = Release|Any CPU
		{DCCF5DBF-5B32-4B84-94A2-2F228C33160A}.Release|x64.Build.0 = Release|Any CPU
		{DCCF5DBF-5B32-4B84-94A2-2F228C33160A}.Release|x86.ActiveCfg = Release|Any CPU
		{DCCF5DBF-5B32-4B84-94A2-2F228C33160A}.Release|x86.Build.0 = Release|Any CPU
		{60B91320-B4C8-429B-91FB-39C4BEC75599}.Debug|Any CPU.ActiveCfg = Debug|Any CPU
		{60B91320-B4C8-429B-91FB-39C4BEC75599}.Debug|Any CPU.Build.0 = Debug|Any CPU
		{60B91320-B4C8-429B-91FB-39C4BEC75599}.Debug|x64.ActiveCfg = Debug|Any CPU
		{60B91320-B4C8-429B-91FB-39C4BEC75599}.Debug|x64.Build.0 = Debug|Any CPU
		{60B91320-B4C8-429B-91FB-39C4BEC75599}.Debug|x86.ActiveCfg = Debug|Any CPU
		{60B91320-B4C8-429B-91FB-39C4BEC75599}.Debug|x86.Build.0 = Debug|Any CPU
		{60B91320-B4C8-429B-91FB-39C4BEC75599}.Release|Any CPU.ActiveCfg = Release|Any CPU
		{60B91320-B4C8-429B-91FB-39C4BEC75599}.Release|Any CPU.Build.0 = Release|Any CPU
		{60B91320-B4C8-429B-91FB-39C4BEC75599}.Release|x64.ActiveCfg = Release|Any CPU
		{60B91320-B4C8-429B-91FB-39C4BEC75599}.Release|x64.Build.0 = Release|Any CPU
		{60B91320-B4C8-429B-91FB-39C4BEC75599}.Release|x86.ActiveCfg = Release|Any CPU
		{60B91320-B4C8-429B-91FB-39C4BEC75599}.Release|x86.Build.0 = Release|Any CPU
		{84BD4106-83E1-404B-8E8A-F46239C95ED4}.Debug|Any CPU.ActiveCfg = Debug|Any CPU
		{84BD4106-83E1-404B-8E8A-F46239C95ED4}.Debug|Any CPU.Build.0 = Debug|Any CPU
		{84BD4106-83E1-404B-8E8A-F46239C95ED4}.Debug|x64.ActiveCfg = Debug|Any CPU
		{84BD4106-83E1-404B-8E8A-F46239C95ED4}.Debug|x64.Build.0 = Debug|Any CPU
		{84BD4106-83E1-404B-8E8A-F46239C95ED4}.Debug|x86.ActiveCfg = Debug|Any CPU
		{84BD4106-83E1-404B-8E8A-F46239C95ED4}.Debug|x86.Build.0 = Debug|Any CPU
		{84BD4106-83E1-404B-8E8A-F46239C95ED4}.Release|Any CPU.ActiveCfg = Release|Any CPU
		{84BD4106-83E1-404B-8E8A-F46239C95ED4}.Release|Any CPU.Build.0 = Release|Any CPU
		{84BD4106-83E1-404B-8E8A-F46239C95ED4}.Release|x64.ActiveCfg = Release|Any CPU
		{84BD4106-83E1-404B-8E8A-F46239C95ED4}.Release|x64.Build.0 = Release|Any CPU
		{84BD4106-83E1-404B-8E8A-F46239C95ED4}.Release|x86.ActiveCfg = Release|Any CPU
		{84BD4106-83E1-404B-8E8A-F46239C95ED4}.Release|x86.Build.0 = Release|Any CPU
	EndGlobalSection
	GlobalSection(NestedProjects) = preSolution
		{A5F7CFFB-420E-4C99-9891-92316B947A9F} = {AB1782C0-3C91-11E9-AD26-1F2B3850ED4F}
		{DE9895BB-1CD2-4BD5-8A01-897073A2A696} = {AB1782C0-3C91-11E9-AD26-1F2B3850ED4F}
		{DCCF5DBF-5B32-4B84-94A2-2F228C33160A} = {AB1782C0-3C91-11E9-AD26-1F2B3850ED4F}
	EndGlobalSection
EndGlobal
